dependencies:
- name: opensearch
  repository: https://charts.bitnami.com/bitnami
  version: 1.4.0
- name: keycloak
  repository: https://charts.bitnami.com/bitnami
  version: 21.6.1
- name: mariadb-galera
  repository: https://charts.bitnami.com/bitnami
  version: 13.2.7
- name: mariadb-galera
  repository: https://charts.bitnami.com/bitnami
  version: 13.2.7
- name: rabbitmq
  repository: https://charts.bitnami.com/bitnami
  version: 14.0.0
- name: seaweedfs
  repository: file://../seaweedfs
  version: 1.0.2
- name: grafana
  repository: https://charts.bitnami.com/bitnami
  version: 10.1.1
- name: prometheus
  repository: https://charts.bitnami.com/bitnami
  version: 1.3.22
- name: nginx
  repository: https://charts.bitnami.com/bitnami
  version: 18.2.6
digest: sha256:1b33454076a84ee922115724fe72d18c6ee2db1d45b022300e00e036fb9e0f13
generated: "2024-12-29T10:04:46.520502177+01:00"
