dependencies:
- name: opensearch
  repository: https://charts.bitnami.com/bitnami
  version: 1.2.2
- name: keycloak
  repository: https://charts.bitnami.com/bitnami
  version: 17.3.3
- name: mariadb
  repository: https://charts.bitnami.com/bitnami
  version: 14.1.4
- name: mariadb
  repository: https://charts.bitnami.com/bitnami
  version: 14.1.4
- name: rabbitmq
  repository: https://charts.bitnami.com/bitnami
  version: 14.0.0
- name: seaweedfs
  repository: https://seaweedfs.github.io/seaweedfs/helm
  version: 3.59.4
- name: tusd
  repository: https://charts.sagikazarmark.dev
  version: 0.1.2
digest: sha256:867a4a60bbccfaeb880d000eeb634db20554ef91523aa3b1331c53bdf48e8db4
generated: "2024-06-14T15:12:25.44560113+02:00"
