dependencies:
- name: opensearch
  repository: oci://registry-1.docker.io/bitnamicharts
  version: 1.4.0
- name: keycloak
  repository: oci://registry-1.docker.io/bitnamicharts
  version: 25.2.0
- name: nginx
  repository: oci://registry-1.docker.io/bitnamicharts
  version: 20.0.2
- name: mariadb-galera
  repository: oci://registry-1.docker.io/bitnamicharts
  version: 13.2.7
- name: mariadb-galera
  repository: oci://registry-1.docker.io/bitnamicharts
  version: 13.2.7
- name: rabbitmq
  repository: oci://registry-1.docker.io/bitnamicharts
  version: 14.7.0
- name: seaweedfs
  repository: file://../seaweedfs
  version: 4.8.7
- name: grafana
  repository: https://grafana-community.github.io/helm-charts
  version: 8.15.0
- name: prometheus
  repository: oci://registry-1.docker.io/bitnamicharts
  version: 1.3.22
- name: postgresql
  repository: oci://registry-1.docker.io/bitnamicharts
  version: 16.1.0
- name: valkey
  repository: oci://registry-1.docker.io/bitnamicharts
  version: 5.0.6
digest: sha256:905ac142cf5633f36c623e16ece65858d0f5c59e769649c38a7247b1b7ead328
generated: "2026-09-28T10:26:42.339268+07:00"
