dependencies:
- name: mariadb
  repository: oci://registry-1.docker.io/bitnamicharts
  version: 20.2.4
- name: postgresql
  repository: oci://registry-1.docker.io/bitnamicharts
  version: 16.4.9
- name: common
  repository: oci://registry-1.docker.io/bitnamicharts
  version: 2.29.1
digest: sha256:dbba12b36ab3b4370112da3089066f57bcef2be1651134787fd158491a2a766c
generated: "2025-02-18T09:32:41.716703325+01:00"
