dependencies:
- name: mariadb
  repository: oci://registry-1.docker.io/bitnamicharts
  version: 20.2.1
- name: postgresql
  repository: oci://registry-1.docker.io/bitnamicharts
  version: 16.3.4
- name: common
  repository: oci://registry-1.docker.io/bitnamicharts
  version: 2.28.0
digest: sha256:98a68ef67facda82298174f5bae4e07abd0998e0440002390583a1be97b17aee
generated: "2025-01-01T15:05:43.198633687+01:00"
