dependencies:
- name: opensearch
  repository: https://opensearch-project.github.io/helm-charts/
  version: 2.15.0
- name: opensearch-dashboards
  repository: https://opensearch-project.github.io/helm-charts/
  version: 2.13.0
- name: keycloak
  repository: https://charts.bitnami.com/bitnami
  version: 17.3.3
- name: mariadb-galera
  repository: https://charts.bitnami.com/bitnami
  version: 11.0.1
- name: mariadb-galera
  repository: https://charts.bitnami.com/bitnami
  version: 11.0.1
- name: postgresql-ha
  repository: https://charts.bitnami.com/bitnami
  version: 12.1.7
- name: rabbitmq
  repository: https://charts.bitnami.com/bitnami
  version: 12.5.1
- name: fluent-bit
  repository: https://fluent.github.io/helm-charts
  version: 0.40.0
- name: seaweedfs
  repository: https://seaweedfs.github.io/seaweedfs/helm
  version: 3.59.4
digest: sha256:a8cdc5c9c76c732d2997450dd92af1fe17686cea93d3b521185b6be17e9fa536
generated: "2024-03-18T07:22:03.360916672+01:00"
